
Microsoft Visual Studio Solution File, Format Version 12.00
# Visual Studio 15
VisualStudioVersion = 15.0.27703.2042
MinimumVisualStudioVersion = 10.0.40219.1
Project("{FAE04EC0-301F-11D3-BF4B-00C04F79EFBC}") = "HealthCalendarAdmin", "HealthCalendarAdmin\HealthCalendarAdmin.csproj", "{65570EF6-555F-42AF-8158-B2EFCB718840}"
EndProject
Project("{FAE04EC0-301F-11D3-BF4B-00C04F79EFBC}") = "HealthCalendar", "HealthCalendar\HealthCalendar\HealthCalendar.csproj", "{87010938-CECE-4B65-AF06-73BC95D2BB4A}"
EndProject
Project("{54435603-DBB4-11D2-8724-00A0C9A8B90C}") = "HealthCalendarAdminInstaller", "HealthCalendarInstaller\HealthCalendarInstaller.vdproj", "{6FF7D446-EFC7-4B19-8918-6BFBBE02EAA2}"
EndProject
Global
	GlobalSection(SolutionConfigurationPlatforms) = preSolution
		Debug|Any CPU = Debug|Any CPU
		Release|Any CPU = Release|Any CPU
	EndGlobalSection
	GlobalSection(ProjectConfigurationPlatforms) = postSolution
		{65570EF6-555F-42AF-8158-B2EFCB718840}.Debug|Any CPU.ActiveCfg = Debug|Any CPU
		{65570EF6-555F-42AF-8158-B2EFCB718840}.Debug|Any CPU.Build.0 = Debug|Any CPU
		{65570EF6-555F-42AF-8158-B2EFCB718840}.Release|Any CPU.ActiveCfg = Release|Any CPU
		{65570EF6-555F-42AF-8158-B2EFCB718840}.Release|Any CPU.Build.0 = Release|Any CPU
		{87010938-CECE-4B65-AF06-73BC95D2BB4A}.Debug|Any CPU.ActiveCfg = Debug|Any CPU
		{87010938-CECE-4B65-AF06-73BC95D2BB4A}.Debug|Any CPU.Build.0 = Debug|Any CPU
		{87010938-CECE-4B65-AF06-73BC95D2BB4A}.Release|Any CPU.ActiveCfg = Release|Any CPU
		{87010938-CECE-4B65-AF06-73BC95D2BB4A}.Release|Any CPU.Build.0 = Release|Any CPU
		{6FF7D446-EFC7-4B19-8918-6BFBBE02EAA2}.Debug|Any CPU.ActiveCfg = Debug
		{6FF7D446-EFC7-4B19-8918-6BFBBE02EAA2}.Release|Any CPU.ActiveCfg = Release
	EndGlobalSection
	GlobalSection(SolutionProperties) = preSolution
		HideSolutionNode = FALSE
	EndGlobalSection
	GlobalSection(ExtensibilityGlobals) = postSolution
		SolutionGuid = {2D5A225B-98E4-4EB0-A331-035D6A0B7710}
	EndGlobalSection
EndGlobal
